
Microsoft Visual Studio Solution File, Format Version 12.00
# Visual Studio Version 17
VisualStudioVersion = 17.7.34221.43
MinimumVisualStudioVersion = 10.0.40219.1
Project("{9A19103F-16F7-4668-BE54-9A1E7A4F7556}") = "TimeServer.Service", "TimeServer.Service\TimeServer.Service.csproj", "{15007BA2-DD19-47A2-8DA0-695070D948D2}"
EndProject
Project("{9A19103F-16F7-4668-BE54-9A1E7A4F7556}") = "TimeServer.Client", "TimeServer.Client\TimeServer.Client.csproj", "{3E838DF1-DA6C-477C-B307-29F436D0FFE8}"
EndProject
Project("{9A19103F-16F7-4668-BE54-9A1E7A4F7556}") = "TimeServer.Repository", "TimeServer.Repository\TimeServer.Repository.csproj", "{77F087CD-15F4-486B-BAD5-C25E0AA59ED9}"
EndProject
Project("{B7DD6F7E-DEF8-4E67-B5B7-07EF123DB6F0}") = "TimeServer.Installer", "TimeServer.Installer\TimeServer.Installer.wixproj", "{BA31CD31-09CF-432E-9418-60C72C015976}"
EndProject
Project("{2150E333-8FDC-42A3-9474-1A3956D46DE8}") = "Setup", "Setup", "{973E6FD0-D1B8-46BA-A9E7-65FFBF983F92}"
	ProjectSection(SolutionItems) = preProject
		TimeServer.Installer\bin\x64\Release\TimeServer.Installer.msi = TimeServer.Installer\bin\x64\Release\TimeServer.Installer.msi
	EndProjectSection
EndProject
Global
	GlobalSection(SolutionConfigurationPlatforms) = preSolution
		Debug|Any CPU = Debug|Any CPU
		Debug|ARM64 = Debug|ARM64
		Debug|x64 = Debug|x64
		Debug|x86 = Debug|x86
		Release|Any CPU = Release|Any CPU
		Release|ARM64 = Release|ARM64
		Release|x64 = Release|x64
		Release|x86 = Release|x86
	EndGlobalSection
	GlobalSection(ProjectConfigurationPlatforms) = postSolution
		{15007BA2-DD19-47A2-8DA0-695070D948D2}.Debug|Any CPU.ActiveCfg = Debug|Any CPU
		{15007BA2-DD19-47A2-8DA0-695070D948D2}.Debug|Any CPU.Build.0 = Debug|Any CPU
		{15007BA2-DD19-47A2-8DA0-695070D948D2}.Debug|ARM64.ActiveCfg = Debug|Any CPU
		{15007BA2-DD19-47A2-8DA0-695070D948D2}.Debug|ARM64.Build.0 = Debug|Any CPU
		{15007BA2-DD19-47A2-8DA0-695070D948D2}.Debug|x64.ActiveCfg = Debug|Any CPU
		{15007BA2-DD19-47A2-8DA0-695070D948D2}.Debug|x64.Build.0 = Debug|Any CPU
		{15007BA2-DD19-47A2-8DA0-695070D948D2}.Debug|x86.ActiveCfg = Debug|Any CPU
		{15007BA2-DD19-47A2-8DA0-695070D948D2}.Debug|x86.Build.0 = Debug|Any CPU
		{15007BA2-DD19-47A2-8DA0-695070D948D2}.Release|Any CPU.ActiveCfg = Release|Any CPU
		{15007BA2-DD19-47A2-8DA0-695070D948D2}.Release|Any CPU.Build.0 = Release|Any CPU
		{15007BA2-DD19-47A2-8DA0-695070D948D2}.Release|ARM64.ActiveCfg = Release|Any CPU
		{15007BA2-DD19-47A2-8DA0-695070D948D2}.Release|ARM64.Build.0 = Release|Any CPU
		{15007BA2-DD19-47A2-8DA0-695070D948D2}.Release|x64.ActiveCfg = Release|Any CPU
		{15007BA2-DD19-47A2-8DA0-695070D948D2}.Release|x64.Build.0 = Release|Any CPU
		{15007BA2-DD19-47A2-8DA0-695070D948D2}.Release|x86.ActiveCfg = Release|Any CPU
		{15007BA2-DD19-47A2-8DA0-695070D948D2}.Release|x86.Build.0 = Release|Any CPU
		{3E838DF1-DA6C-477C-B307-29F436D0FFE8}.Debug|Any CPU.ActiveCfg = Debug|Any CPU
		{3E838DF1-DA6C-477C-B307-29F436D0FFE8}.Debug|Any CPU.Build.0 = Debug|Any CPU
		{3E838DF1-DA6C-477C-B307-29F436D0FFE8}.Debug|ARM64.ActiveCfg = Debug|Any CPU
		{3E838DF1-DA6C-477C-B307-29F436D0FFE8}.Debug|ARM64.Build.0 = Debug|Any CPU
		{3E838DF1-DA6C-477C-B307-29F436D0FFE8}.Debug|x64.ActiveCfg = Debug|Any CPU
		{3E838DF1-DA6C-477C-B307-29F436D0FFE8}.Debug|x64.Build.0 = Debug|Any CPU
		{3E838DF1-DA6C-477C-B307-29F436D0FFE8}.Debug|x86.ActiveCfg = Debug|Any CPU
		{3E838DF1-DA6C-477C-B307-29F436D0FFE8}.Debug|x86.Build.0 = Debug|Any CPU
		{3E838DF1-DA6C-477C-B307-29F436D0FFE8}.Release|Any CPU.ActiveCfg = Release|Any CPU
		{3E838DF1-DA6C-477C-B307-29F436D0FFE8}.Release|Any CPU.Build.0 = Release|Any CPU
		{3E838DF1-DA6C-477C-B307-29F436D0FFE8}.Release|ARM64.ActiveCfg = Release|Any CPU
		{3E838DF1-DA6C-477C-B307-29F436D0FFE8}.Release|ARM64.Build.0 = Release|Any CPU
		{3E838DF1-DA6C-477C-B307-29F436D0FFE8}.Release|x64.ActiveCfg = Release|Any CPU
		{3E838DF1-DA6C-477C-B307-29F436D0FFE8}.Release|x64.Build.0 = Release|Any CPU
		{3E838DF1-DA6C-477C-B307-29F436D0FFE8}.Release|x86.ActiveCfg = Release|Any CPU
		{3E838DF1-DA6C-477C-B307-29F436D0FFE8}.Release|x86.Build.0 = Release|Any CPU
		{77F087CD-15F4-486B-BAD5-C25E0AA59ED9}.Debug|Any CPU.ActiveCfg = Debug|Any CPU
		{77F087CD-15F4-486B-BAD5-C25E0AA59ED9}.Debug|Any CPU.Build.0 = Debug|Any CPU
		{77F087CD-15F4-486B-BAD5-C25E0AA59ED9}.Debug|ARM64.ActiveCfg = Debug|Any CPU
		{77F087CD-15F4-486B-BAD5-C25E0AA59ED9}.Debug|ARM64.Build.0 = Debug|Any CPU
		{77F087CD-15F4-486B-BAD5-C25E0AA59ED9}.Debug|x64.ActiveCfg = Debug|Any CPU
		{77F087CD-15F4-486B-BAD5-C25E0AA59ED9}.Debug|x64.Build.0 = Debug|Any CPU
		{77F087CD-15F4-486B-BAD5-C25E0AA59ED9}.Debug|x86.ActiveCfg = Debug|Any CPU
		{77F087CD-15F4-486B-BAD5-C25E0AA59ED9}.Debug|x86.Build.0 = Debug|Any CPU
		{77F087CD-15F4-486B-BAD5-C25E0AA59ED9}.Release|Any CPU.ActiveCfg = Release|Any CPU
		{77F087CD-15F4-486B-BAD5-C25E0AA59ED9}.Release|Any CPU.Build.0 = Release|Any CPU
		{77F087CD-15F4-486B-BAD5-C25E0AA59ED9}.Release|ARM64.ActiveCfg = Release|Any CPU
		{77F087CD-15F4-486B-BAD5-C25E0AA59ED9}.Release|ARM64.Build.0 = Release|Any CPU
		{77F087CD-15F4-486B-BAD5-C25E0AA59ED9}.Release|x64.ActiveCfg = Release|Any CPU
		{77F087CD-15F4-486B-BAD5-C25E0AA59ED9}.Release|x64.Build.0 = Release|Any CPU
		{77F087CD-15F4-486B-BAD5-C25E0AA59ED9}.Release|x86.ActiveCfg = Release|Any CPU
		{77F087CD-15F4-486B-BAD5-C25E0AA59ED9}.Release|x86.Build.0 = Release|Any CPU
		{BA31CD31-09CF-432E-9418-60C72C015976}.Debug|Any CPU.ActiveCfg = Debug|x64
		{BA31CD31-09CF-432E-9418-60C72C015976}.Debug|Any CPU.Build.0 = Debug|x64
		{BA31CD31-09CF-432E-9418-60C72C015976}.Debug|ARM64.ActiveCfg = Debug|ARM64
		{BA31CD31-09CF-432E-9418-60C72C015976}.Debug|ARM64.Build.0 = Debug|ARM64
		{BA31CD31-09CF-432E-9418-60C72C015976}.Debug|x64.ActiveCfg = Debug|x64
		{BA31CD31-09CF-432E-9418-60C72C015976}.Debug|x64.Build.0 = Debug|x64
		{BA31CD31-09CF-432E-9418-60C72C015976}.Debug|x86.ActiveCfg = Debug|x86
		{BA31CD31-09CF-432E-9418-60C72C015976}.Debug|x86.Build.0 = Debug|x86
		{BA31CD31-09CF-432E-9418-60C72C015976}.Release|Any CPU.ActiveCfg = Release|x64
		{BA31CD31-09CF-432E-9418-60C72C015976}.Release|Any CPU.Build.0 = Release|x64
		{BA31CD31-09CF-432E-9418-60C72C015976}.Release|ARM64.ActiveCfg = Release|ARM64
		{BA31CD31-09CF-432E-9418-60C72C015976}.Release|ARM64.Build.0 = Release|ARM64
		{BA31CD31-09CF-432E-9418-60C72C015976}.Release|x64.ActiveCfg = Release|x64
		{BA31CD31-09CF-432E-9418-60C72C015976}.Release|x64.Build.0 = Release|x64
		{BA31CD31-09CF-432E-9418-60C72C015976}.Release|x86.ActiveCfg = Release|x86
		{BA31CD31-09CF-432E-9418-60C72C015976}.Release|x86.Build.0 = Release|x86
	EndGlobalSection
	GlobalSection(SolutionProperties) = preSolution
		HideSolutionNode = FALSE
	EndGlobalSection
	GlobalSection(ExtensibilityGlobals) = postSolution
		SolutionGuid = {C52A5C2E-D62D-4E95-A3F9-04EA92D2B400}
	EndGlobalSection
EndGlobal
